
Microsoft Visual Studio Solution File, Format Version 12.00
# Visual Studio Version 16
VisualStudioVersion = 16.0.29209.62
MinimumVisualStudioVersion = 10.0.40219.1
Project("{FAE04EC0-301F-11D3-BF4B-00C04F79EFBC}") = "EntityFramework.UnitTests", "EntityFramework.UnitTests\EntityFramework.UnitTests.csproj", "{6FD42234-933A-4CE1-8532-B49FD5911555}"
EndProject
Project("{FAE04EC0-301F-11D3-BF4B-00C04F79EFBC}") = "XUnitTestProject1", "XUnitTestProject1\XUnitTestProject1.csproj", "{AB7BB197-9D58-4B89-904F-AAB7197067C3}"
EndProject
Global
	GlobalSection(SolutionConfigurationPlatforms) = preSolution
		Debug|Any CPU = Debug|Any CPU
		Release|Any CPU = Release|Any CPU
	EndGlobalSection
	GlobalSection(ProjectConfigurationPlatforms) = postSolution
		{6FD42234-933A-4CE1-8532-B49FD5911555}.Debug|Any CPU.ActiveCfg = Debug|Any CPU
		{6FD42234-933A-4CE1-8532-B49FD5911555}.Debug|Any CPU.Build.0 = Debug|Any CPU
		{6FD42234-933A-4CE1-8532-B49FD5911555}.Release|Any CPU.ActiveCfg = Release|Any CPU
		{6FD42234-933A-4CE1-8532-B49FD5911555}.Release|Any CPU.Build.0 = Release|Any CPU
		{AB7BB197-9D58-4B89-904F-AAB7197067C3}.Debug|Any CPU.ActiveCfg = Debug|Any CPU
		{AB7BB197-9D58-4B89-904F-AAB7197067C3}.Debug|Any CPU.Build.0 = Debug|Any CPU
		{AB7BB197-9D58-4B89-904F-AAB7197067C3}.Release|Any CPU.ActiveCfg = Release|Any CPU
		{AB7BB197-9D58-4B89-904F-AAB7197067C3}.Release|Any CPU.Build.0 = Release|Any CPU
	EndGlobalSection
	GlobalSection(SolutionProperties) = preSolution
		HideSolutionNode = FALSE
	EndGlobalSection
	GlobalSection(ExtensibilityGlobals) = postSolution
		SolutionGuid = {9C14FBC2-583A-413D-8C8D-E7606FCA81CE}
	EndGlobalSection
EndGlobal
